
Microsoft Visual Studio Solution File, Format Version 12.00
# Visual Studio Version 16
VisualStudioVersion = 16.0.29709.97
MinimumVisualStudioVersion = 10.0.40219.1
Project("{FAE04EC0-301F-11D3-BF4B-00C04F79EFBC}") = "test_aspNetMvc_ef", "test_aspNetMvc_ef.csproj", "{8CE71A07-1FDD-4AA5-A857-8EB0A91B0CEE}"
EndProject
Global
	GlobalSection(SolutionConfigurationPlatforms) = preSolution
		Debug|Any CPU = Debug|Any CPU
		Release|Any CPU = Release|Any CPU
	EndGlobalSection
	GlobalSection(ProjectConfigurationPlatforms) = postSolution
		{8CE71A07-1FDD-4AA5-A857-8EB0A91B0CEE}.Debug|Any CPU.ActiveCfg = Debug|Any CPU
		{8CE71A07-1FDD-4AA5-A857-8EB0A91B0CEE}.Debug|Any CPU.Build.0 = Debug|Any CPU
		{8CE71A07-1FDD-4AA5-A857-8EB0A91B0CEE}.Release|Any CPU.ActiveCfg = Release|Any CPU
		{8CE71A07-1FDD-4AA5-A857-8EB0A91B0CEE}.Release|Any CPU.Build.0 = Release|Any CPU
	EndGlobalSection
	GlobalSection(SolutionProperties) = preSolution
		HideSolutionNode = FALSE
	EndGlobalSection
	GlobalSection(ExtensibilityGlobals) = postSolution
		SolutionGuid = {FD0B9872-50BB-4620-A36A-FC6D9E59D2B2}
	EndGlobalSection
EndGlobal
